
Microsoft Visual Studio Solution File, Format Version 12.00
# Visual Studio Version 17
VisualStudioVersion = 17.3.32922.545
MinimumVisualStudioVersion = 10.0.40219.1
Project("{FAE04EC0-301F-11D3-BF4B-00C04F79EFBC}") = "Student", "Student\Student.csproj", "{4851C0AF-3AD6-4471-A978-5D9389739B20}"
EndProject
Global
	GlobalSection(SolutionConfigurationPlatforms) = preSolution
		Debug|Any CPU = Debug|Any CPU
		Release|Any CPU = Release|Any CPU
	EndGlobalSection
	GlobalSection(ProjectConfigurationPlatforms) = postSolution
		{4851C0AF-3AD6-4471-A978-5D9389739B20}.Debug|Any CPU.ActiveCfg = Debug|Any CPU
		{4851C0AF-3AD6-4471-A978-5D9389739B20}.Debug|Any CPU.Build.0 = Debug|Any CPU
		{4851C0AF-3AD6-4471-A978-5D9389739B20}.Release|Any CPU.ActiveCfg = Release|Any CPU
		{4851C0AF-3AD6-4471-A978-5D9389739B20}.Release|Any CPU.Build.0 = Release|Any CPU
	EndGlobalSection
	GlobalSection(SolutionProperties) = preSolution
		HideSolutionNode = FALSE
	EndGlobalSection
	GlobalSection(ExtensibilityGlobals) = postSolution
		SolutionGuid = {32241EEC-2153-492D-BE3A-C241AF824B37}
	EndGlobalSection
EndGlobal
